
Microsoft Visual Studio Solution File, Format Version 12.00
# Visual Studio Version 16
VisualStudioVersion = 16.0.31313.79
MinimumVisualStudioVersion = 10.0.40219.1
Project("{FAE04EC0-301F-11D3-BF4B-00C04F79EFBC}") = "TheCoderForge.RubbishCollection.WinForms", "TheCoderForge.RubbishCollection.WinForms\TheCoderForge.RubbishCollection.WinForms.csproj", "{31AE404C-8EE3-4A6A-A8CB-2ED8698D43B2}"
EndProject
Project("{FAE04EC0-301F-11D3-BF4B-00C04F79EFBC}") = "TheCoderForge.RubbishCollection.Library", "TheCoderForge.RubbishCollection.Library\TheCoderForge.RubbishCollection.Library.csproj", "{B345AD6E-8D3E-483E-9A9A-E0258AD0E9CF}"
EndProject
Global
	GlobalSection(SolutionConfigurationPlatforms) = preSolution
		Debug|Any CPU = Debug|Any CPU
		Release|Any CPU = Release|Any CPU
	EndGlobalSection
	GlobalSection(ProjectConfigurationPlatforms) = postSolution
		{31AE404C-8EE3-4A6A-A8CB-2ED8698D43B2}.Debug|Any CPU.ActiveCfg = Debug|Any CPU
		{31AE404C-8EE3-4A6A-A8CB-2ED8698D43B2}.Debug|Any CPU.Build.0 = Debug|Any CPU
		{31AE404C-8EE3-4A6A-A8CB-2ED8698D43B2}.Release|Any CPU.ActiveCfg = Release|Any CPU
		{31AE404C-8EE3-4A6A-A8CB-2ED8698D43B2}.Release|Any CPU.Build.0 = Release|Any CPU
		{B345AD6E-8D3E-483E-9A9A-E0258AD0E9CF}.Debug|Any CPU.ActiveCfg = Debug|Any CPU
		{B345AD6E-8D3E-483E-9A9A-E0258AD0E9CF}.Debug|Any CPU.Build.0 = Debug|Any CPU
		{B345AD6E-8D3E-483E-9A9A-E0258AD0E9CF}.Release|Any CPU.ActiveCfg = Release|Any CPU
		{B345AD6E-8D3E-483E-9A9A-E0258AD0E9CF}.Release|Any CPU.Build.0 = Release|Any CPU
	EndGlobalSection
	GlobalSection(SolutionProperties) = preSolution
		HideSolutionNode = FALSE
	EndGlobalSection
	GlobalSection(ExtensibilityGlobals) = postSolution
		SolutionGuid = {D864BFC7-D667-429B-9C63-5B7CBE77AA54}
	EndGlobalSection
EndGlobal
